<?xml version="1.0" encoding="utf-8"?>
<Project ToolsVersion="4.0" xmlns="http://schemas.microsoft.com/developer/msbuild/2003">
  <ItemGroup>
    <Filter Include="Sources">
      <UniqueIdentifier>{4FC737F1-C7A5-4376-A066-2A32D752A2FF}</UniqueIdentifier>
      <Extensions>cpp;c;cc;cxx;c++;cppm;ixx;def;odl;idl;hpj;bat;asm;asmx</Extensions>
    </Filter>
    <Filter Include="Headers">
      <UniqueIdentifier>{93995380-89BD-4b04-88EB-625FBE52EBFB}</UniqueIdentifier>
      <Extensions>h;hh;hpp;hxx;h++;hm;inl;inc;ipp;xsd</Extensions>
    </Filter>
    <Filter Include="Resources">
      <UniqueIdentifier>{67DA6AB6-F800-4c08-8B7A-83BB121AAD01}</UniqueIdentifier>
      <Extensions>rc;ico;cur;bmp;dlg;rc2;rct;bin;rgs;gif;jpg;jpeg;jpe;resx;tiff;tif;png;wav;mfcribbon-ms</Extensions>
    </Filter>
    <Filter Include="Sources\CKObjectImplements">
      <UniqueIdentifier>{a8cd2188-b552-478c-9801-a6286b3d48a0}</UniqueIdentifier>
    </Filter>
    <Filter Include="Sources\CKManagerImplements">
      <UniqueIdentifier>{784282d9-4adb-40ca-bbac-902c74e9a2e5}</UniqueIdentifier>
    </Filter>
  </ItemGroup>
  <ItemGroup>
    <ClCompile Include="CKFileReader.cpp">
      <Filter>Sources</Filter>
    </ClCompile>
    <ClCompile Include="VTEncoding.cpp">
      <Filter>Sources</Filter>
    </ClCompile>
    <ClCompile Include="CKStateChunk.cpp">
      <Filter>Sources</Filter>
    </ClCompile>
    <ClCompile Include="VxMemoryMappedFile.cpp">
      <Filter>Sources</Filter>
    </ClCompile>
    <ClCompile Include="CKFileWriter.cpp">
      <Filter>Sources</Filter>
    </ClCompile>
    <ClCompile Include="CKObjectImplements\CKObject.cpp">
      <Filter>Sources\CKObjectImplements</Filter>
    </ClCompile>
    <ClCompile Include="CKGlobals.cpp">
      <Filter>Sources</Filter>
    </ClCompile>
    <ClCompile Include="CKFile.cpp">
      <Filter>Sources</Filter>
    </ClCompile>
    <ClCompile Include="CKMinContext.cpp">
      <Filter>Sources</Filter>
    </ClCompile>
    <ClCompile Include="VTUtils.cpp">
      <Filter>Sources</Filter>
    </ClCompile>
    <ClCompile Include="CKManagerImplements\CKBaseManager.cpp">
      <Filter>Sources\CKManagerImplements</Filter>
    </ClCompile>
  </ItemGroup>
  <ItemGroup>
    <ClInclude Include="VTUtils.hpp">
      <Filter>Headers</Filter>
    </ClInclude>
    <ClInclude Include="VTEncoding.hpp">
      <Filter>Headers</Filter>
    </ClInclude>
    <ClInclude Include="CKObjects.hpp">
      <Filter>Headers</Filter>
    </ClInclude>
    <ClInclude Include="CKDefines.hpp">
      <Filter>Headers</Filter>
    </ClInclude>
    <ClInclude Include="CKEnums.hpp">
      <Filter>Headers</Filter>
    </ClInclude>
    <ClInclude Include="CKStateChunk.hpp">
      <Filter>Headers</Filter>
    </ClInclude>
    <ClInclude Include="CKGlobals.hpp">
      <Filter>Headers</Filter>
    </ClInclude>
    <ClInclude Include="CKFile.hpp">
      <Filter>Headers</Filter>
    </ClInclude>
    <ClInclude Include="VxMemoryMappedFile.hpp">
      <Filter>Headers</Filter>
    </ClInclude>
    <ClInclude Include="CKMinContext.hpp">
      <Filter>Headers</Filter>
    </ClInclude>
    <ClInclude Include="CKManagers.hpp">
      <Filter>Headers</Filter>
    </ClInclude>
  </ItemGroup>
</Project>