<?xml version="1.0" encoding="utf-8"?>
<Project ToolsVersion="4.0" xmlns="http://schemas.microsoft.com/developer/msbuild/2003">
  <ItemGroup>
    <Filter Include="Sources">
      <UniqueIdentifier>{4FC737F1-C7A5-4376-A066-2A32D752A2FF}</UniqueIdentifier>
      <Extensions>cpp;c;cc;cxx;c++;cppm;ixx;def;odl;idl;hpj;bat;asm;asmx</Extensions>
    </Filter>
    <Filter Include="Headers">
      <UniqueIdentifier>{93995380-89BD-4b04-88EB-625FBE52EBFB}</UniqueIdentifier>
      <Extensions>h;hh;hpp;hxx;h++;hm;inl;inc;ipp;xsd</Extensions>
    </Filter>
    <Filter Include="Resources">
      <UniqueIdentifier>{67DA6AB6-F800-4c08-8B7A-83BB121AAD01}</UniqueIdentifier>
      <Extensions>rc;ico;cur;bmp;dlg;rc2;rct;bin;rgs;gif;jpg;jpeg;jpe;resx;tiff;tif;png;wav;mfcribbon-ms</Extensions>
    </Filter>
    <Filter Include="Headers\CK2">
      <UniqueIdentifier>{bef3546d-1182-4641-a95f-59edb8326e2a}</UniqueIdentifier>
    </Filter>
    <Filter Include="Headers\VxMath">
      <UniqueIdentifier>{fe29ae7b-12c4-43b9-b7ae-c09c473e9ee9}</UniqueIdentifier>
    </Filter>
    <Filter Include="Headers\XContainer">
      <UniqueIdentifier>{d8192b09-d1fa-438f-a4ae-a4019b05cef3}</UniqueIdentifier>
    </Filter>
    <Filter Include="Sources\CK2">
      <UniqueIdentifier>{7724b40c-b489-4639-a5d8-0cefc7b5a951}</UniqueIdentifier>
    </Filter>
    <Filter Include="Sources\VxMath">
      <UniqueIdentifier>{26f55ef2-f788-474f-a908-6488986ad03a}</UniqueIdentifier>
    </Filter>
    <Filter Include="Sources\XContainer">
      <UniqueIdentifier>{3dee80b5-d27a-4071-9194-3c817ba38c4c}</UniqueIdentifier>
    </Filter>
    <Filter Include="Headers\CK2\MgrImpls">
      <UniqueIdentifier>{bc2c80b7-8622-41f4-9bef-480a71430eb8}</UniqueIdentifier>
    </Filter>
    <Filter Include="Headers\CK2\ObjImpls">
      <UniqueIdentifier>{9bec41df-78db-4753-ab80-86345545227d}</UniqueIdentifier>
    </Filter>
    <Filter Include="Sources\CK2\MgrImpls">
      <UniqueIdentifier>{784282d9-4adb-40ca-bbac-902c74e9a2e5}</UniqueIdentifier>
    </Filter>
    <Filter Include="Sources\CK2\ObjImpls">
      <UniqueIdentifier>{a8cd2188-b552-478c-9801-a6286b3d48a0}</UniqueIdentifier>
    </Filter>
  </ItemGroup>
  <ItemGroup>
    <ClCompile Include="VTEncoding.cpp">
      <Filter>Sources</Filter>
    </ClCompile>
    <ClCompile Include="CK2\ObjImpls\CKObject.cpp">
      <Filter>Sources\CK2\ObjImpls</Filter>
    </ClCompile>
    <ClCompile Include="VTUtils.cpp">
      <Filter>Sources</Filter>
    </ClCompile>
    <ClCompile Include="CK2\MgrImpls\CKBaseManager.cpp">
      <Filter>Sources\CK2\MgrImpls</Filter>
    </ClCompile>
    <ClCompile Include="VxMath\VxMemoryMappedFile.cpp">
      <Filter>Sources\VxMath</Filter>
    </ClCompile>
    <ClCompile Include="CK2\CKFileOthers.cpp">
      <Filter>Sources\CK2</Filter>
    </ClCompile>
    <ClCompile Include="CK2\CKFileReader.cpp">
      <Filter>Sources\CK2</Filter>
    </ClCompile>
    <ClCompile Include="CK2\CKFileWriter.cpp">
      <Filter>Sources\CK2</Filter>
    </ClCompile>
    <ClCompile Include="CK2\CKGlobals.cpp">
      <Filter>Sources\CK2</Filter>
    </ClCompile>
    <ClCompile Include="CK2\CKContext.cpp">
      <Filter>Sources\CK2</Filter>
    </ClCompile>
    <ClCompile Include="CK2\CKStateChunk.cpp">
      <Filter>Sources\CK2</Filter>
    </ClCompile>
    <ClCompile Include="CK2\ObjImpls\CKSceneObject.cpp">
      <Filter>Sources\CK2\ObjImpls</Filter>
    </ClCompile>
    <ClCompile Include="CK2\ObjImpls\CKBeObject.cpp">
      <Filter>Sources\CK2\ObjImpls</Filter>
    </ClCompile>
    <ClCompile Include="CK2\ObjImpls\CKGroup.cpp">
      <Filter>Sources\CK2\ObjImpls</Filter>
    </ClCompile>
    <ClCompile Include="XContainer\XBitArray.cpp">
      <Filter>Sources\XContainer</Filter>
    </ClCompile>
  </ItemGroup>
  <ItemGroup>
    <ClInclude Include="VTUtils.hpp">
      <Filter>Headers</Filter>
    </ClInclude>
    <ClInclude Include="VTEncoding.hpp">
      <Filter>Headers</Filter>
    </ClInclude>
    <ClInclude Include="CK2\CKDefines.hpp">
      <Filter>Headers\CK2</Filter>
    </ClInclude>
    <ClInclude Include="CK2\CKEnums.hpp">
      <Filter>Headers\CK2</Filter>
    </ClInclude>
    <ClInclude Include="CK2\CKFile.hpp">
      <Filter>Headers\CK2</Filter>
    </ClInclude>
    <ClInclude Include="CK2\CKGlobals.hpp">
      <Filter>Headers\CK2</Filter>
    </ClInclude>
    <ClInclude Include="CK2\CKIdentifiers.hpp">
      <Filter>Headers\CK2</Filter>
    </ClInclude>
    <ClInclude Include="CK2\CKContext.hpp">
      <Filter>Headers\CK2</Filter>
    </ClInclude>
    <ClInclude Include="CK2\CKStateChunk.hpp">
      <Filter>Headers\CK2</Filter>
    </ClInclude>
    <ClInclude Include="CK2\CKTypes.hpp">
      <Filter>Headers\CK2</Filter>
    </ClInclude>
    <ClInclude Include="VxMath\VxMemoryMappedFile.hpp">
      <Filter>Headers\VxMath</Filter>
    </ClInclude>
    <ClInclude Include="VxMath\VxTypes.hpp">
      <Filter>Headers\VxMath</Filter>
    </ClInclude>
    <ClInclude Include="XContainer\XTypes.hpp">
      <Filter>Headers\XContainer</Filter>
    </ClInclude>
    <ClInclude Include="VTAll.hpp">
      <Filter>Headers</Filter>
    </ClInclude>
    <ClInclude Include="CK2\ObjImpls\CKObject.hpp">
      <Filter>Headers\CK2\ObjImpls</Filter>
    </ClInclude>
    <ClInclude Include="CK2\MgrImpls\CKBaseManager.hpp">
      <Filter>Headers\CK2\MgrImpls</Filter>
    </ClInclude>
    <ClInclude Include="CK2\ObjImpls\CKBeObject.hpp">
      <Filter>Headers\CK2\ObjImpls</Filter>
    </ClInclude>
    <ClInclude Include="CK2\ObjImpls\CKSceneObject.hpp">
      <Filter>Headers\CK2\ObjImpls</Filter>
    </ClInclude>
    <ClInclude Include="CK2\ObjImpls\CKGroup.hpp">
      <Filter>Headers\CK2\ObjImpls</Filter>
    </ClInclude>
    <ClInclude Include="XContainer\XBitArray.hpp">
      <Filter>Headers\XContainer</Filter>
    </ClInclude>
  </ItemGroup>
</Project>